// !$*UTF8*$!
{
	archiveVersion = 1;
	classes = {
	};
	objectVersion = 46;
	objects = {

/* Begin PBXBuildFile section */
		4C5C378113CF64E1003655B8 /* Cocoa.framework in Frameworks */ = {isa = PBXBuildFile; fileRef = 4C5C378013CF64E1003655B8 /* Cocoa.framework */; };
		4C5C378B13CF64E1003655B8 /* InfoPlist.strings in Resources */ = {isa = PBXBuildFile; fileRef = 4C5C378913CF64E1003655B8 /* InfoPlist.strings */; };
		4C5C378D13CF64E1003655B8 /* main.m in Sources */ = {isa = PBXBuildFile; fileRef = 4C5C378C13CF64E1003655B8 /* main.m */; };
		4C5C379113CF64E1003655B8 /* Credits.rtf in Resources */ = {isa = PBXBuildFile; fileRef = 4C5C378F13CF64E1003655B8 /* Credits.rtf */; };
		4C5C379413CF64E1003655B8 /* CocoaAppDelegate.mm in Sources */ = {isa = PBXBuildFile; fileRef = 4C5C379313CF64E1003655B8 /* CocoaAppDelegate.mm */; };
		4C5C379713CF64E1003655B8 /* MainMenu.xib in Resources */ = {isa = PBXBuildFile; fileRef = 4C5C379513CF64E1003655B8 /* MainMenu.xib */; };
		4CD83D6713D0A29400A29530 /* blue.png in Resources */ = {isa = PBXBuildFile; fileRef = 4CD83D6413D0A29400A29530 /* blue.png */; };
		4CD83D6813D0A29400A29530 /* green.png in Resources */ = {isa = PBXBuildFile; fileRef = 4CD83D6513D0A29400A29530 /* green.png */; };
		4CD83D6913D0A29400A29530 /* red.png in Resources */ = {isa = PBXBuildFile; fileRef = 4CD83D6613D0A29400A29530 /* red.png */; };
		4CDE97AB13CF94760071C912 /* libsfml-graphics-d.dylib in Frameworks */ = {isa = PBXBuildFile; fileRef = 4CDE97A813CF94760071C912 /* libsfml-graphics-d.dylib */; };
		4CDE97AC13CF94760071C912 /* libsfml-system-d.dylib in Frameworks */ = {isa = PBXBuildFile; fileRef = 4CDE97A913CF94760071C912 /* libsfml-system-d.dylib */; };
		4CDE97AD13CF94760071C912 /* libsfml-window-d.dylib in Frameworks */ = {isa = PBXBuildFile; fileRef = 4CDE97AA13CF94760071C912 /* libsfml-window-d.dylib */; };
		4CDE97CD13D0366D0071C912 /* NSString+stdstring.mm in Sources */ = {isa = PBXBuildFile; fileRef = 4CDE97CC13D0366D0071C912 /* NSString+stdstring.mm */; };
		4CEFC42F13D09CB500F92B14 /* logo.png in Resources */ = {isa = PBXBuildFile; fileRef = 4CEFC42E13D09CB500F92B14 /* logo.png */; };
/* End PBXBuildFile section */

/* Begin PBXFileReference section */
		4C5C377C13CF64E1003655B8 /* Cocoa.app */ = {isa = PBXFileReference; explicitFileType = wrapper.application; includeInIndex = 0; path = Cocoa.app; sourceTree = BUILT_PRODUCTS_DIR; };
		4C5C378013CF64E1003655B8 /* Cocoa.framework */ = {isa = PBXFileReference; lastKnownFileType = wrapper.framework; name = Cocoa.framework; path = System/Library/Frameworks/Cocoa.framework; sourceTree = SDKROOT; };
		4C5C378313CF64E1003655B8 /* AppKit.framework */ = {isa = PBXFileReference; lastKnownFileType = wrapper.framework; name = AppKit.framework; path = System/Library/Frameworks/AppKit.framework; sourceTree = SDKROOT; };
		4C5C378413CF64E1003655B8 /* CoreData.framework */ = {isa = PBXFileReference; lastKnownFileType = wrapper.framework; name = CoreData.framework; path = System/Library/Frameworks/CoreData.framework; sourceTree = SDKROOT; };
		4C5C378513CF64E1003655B8 /* Foundation.framework */ = {isa = PBXFileReference; lastKnownFileType = wrapper.framework; name = Foundation.framework; path = System/Library/Frameworks/Foundation.framework; sourceTree = SDKROOT; };
		4C5C378813CF64E1003655B8 /* Cocoa-Info.plist */ = {isa = PBXFileReference; lastKnownFileType = text.plist.xml; path = "Cocoa-Info.plist"; sourceTree = "<group>"; };
		4C5C378A13CF64E1003655B8 /* en */ = {isa = PBXFileReference; lastKnownFileType = text.plist.strings; name = en; path = en.lproj/InfoPlist.strings; sourceTree = "<group>"; };
		4C5C378C13CF64E1003655B8 /* main.m */ = {isa = PBXFileReference; lastKnownFileType = sourcecode.c.objc; path = main.m; sourceTree = "<group>"; };
		4C5C378E13CF64E1003655B8 /* Cocoa-Prefix.pch */ = {isa = PBXFileReference; lastKnownFileType = sourcecode.c.h; path = "Cocoa-Prefix.pch"; sourceTree = "<group>"; };
		4C5C379013CF64E1003655B8 /* en */ = {isa = PBXFileReference; lastKnownFileType = text.rtf; name = en; path = en.lproj/Credits.rtf; sourceTree = "<group>"; };
		4C5C379213CF64E1003655B8 /* CocoaAppDelegate.h */ = {isa = PBXFileReference; lastKnownFileType = sourcecode.c.h; path = CocoaAppDelegate.h; sourceTree = "<group>"; };
		4C5C379313CF64E1003655B8 /* CocoaAppDelegate.mm */ = {isa = PBXFileReference; lastKnownFileType = sourcecode.cpp.objcpp; path = CocoaAppDelegate.mm; sourceTree = "<group>"; };
		4C5C379613CF64E1003655B8 /* en */ = {isa = PBXFileReference; lastKnownFileType = file.xib; name = en; path = en.lproj/MainMenu.xib; sourceTree = "<group>"; };
		4CD83D6413D0A29400A29530 /* blue.png */ = {isa = PBXFileReference; lastKnownFileType = image.png; path = blue.png; sourceTree = "<group>"; };
		4CD83D6513D0A29400A29530 /* green.png */ = {isa = PBXFileReference; lastKnownFileType = image.png; path = green.png; sourceTree = "<group>"; };
		4CD83D6613D0A29400A29530 /* red.png */ = {isa = PBXFileReference; lastKnownFileType = image.png; path = red.png; sourceTree = "<group>"; };
		4CDE97A813CF94760071C912 /* libsfml-graphics-d.dylib */ = {isa = PBXFileReference; lastKnownFileType = "compiled.mach-o.dylib"; name = "libsfml-graphics-d.dylib"; path = "usr/local/lib/libsfml-graphics-d.dylib"; sourceTree = SDKROOT; };
		4CDE97A913CF94760071C912 /* libsfml-system-d.dylib */ = {isa = PBXFileReference; lastKnownFileType = "compiled.mach-o.dylib"; name = "libsfml-system-d.dylib"; path = "usr/local/lib/libsfml-system-d.dylib"; sourceTree = SDKROOT; };
		4CDE97AA13CF94760071C912 /* libsfml-window-d.dylib */ = {isa = PBXFileReference; lastKnownFileType = "compiled.mach-o.dylib"; name = "libsfml-window-d.dylib"; path = "usr/local/lib/libsfml-window-d.dylib"; sourceTree = SDKROOT; };
		4CDE97CB13D0366D0071C912 /* NSString+stdstring.h */ = {isa = PBXFileReference; fileEncoding = 4; lastKnownFileType = sourcecode.c.h; path = "NSString+stdstring.h"; sourceTree = "<group>"; };
		4CDE97CC13D0366D0071C912 /* NSString+stdstring.mm */ = {isa = PBXFileReference; fileEncoding = 4; lastKnownFileType = sourcecode.cpp.objcpp; path = "NSString+stdstring.mm"; sourceTree = "<group>"; };
		4CEFC42E13D09CB500F92B14 /* logo.png */ = {isa = PBXFileReference; lastKnownFileType = image.png; path = logo.png; sourceTree = "<group>"; };
/* End PBXFileReference section */

/* Begin PBXFrameworksBuildPhase section */
		4C5C377913CF64E1003655B8 /* Frameworks */ = {
			isa = PBXFrameworksBuildPhase;
			buildActionMask = 2147483647;
			files = (
				4CDE97AB13CF94760071C912 /* libsfml-graphics-d.dylib in Frameworks */,
				4CDE97AC13CF94760071C912 /* libsfml-system-d.dylib in Frameworks */,
				4CDE97AD13CF94760071C912 /* libsfml-window-d.dylib in Frameworks */,
				4C5C378113CF64E1003655B8 /* Cocoa.framework in Frameworks */,
			);
			runOnlyForDeploymentPostprocessing = 0;
		};
/* End PBXFrameworksBuildPhase section */

/* Begin PBXGroup section */
		4C5C377113CF64E1003655B8 = {
			isa = PBXGroup;
			children = (
				4C5C378613CF64E1003655B8 /* Cocoa */,
				4C5C377F13CF64E1003655B8 /* Frameworks */,
				4C5C377D13CF64E1003655B8 /* Products */,
			);
			sourceTree = "<group>";
		};
		4C5C377D13CF64E1003655B8 /* Products */ = {
			isa = PBXGroup;
			children = (
				4C5C377C13CF64E1003655B8 /* Cocoa.app */,
			);
			name = Products;
			sourceTree = "<group>";
		};
		4C5C377F13CF64E1003655B8 /* Frameworks */ = {
			isa = PBXGroup;
			children = (
				4CDE97A813CF94760071C912 /* libsfml-graphics-d.dylib */,
				4CDE97A913CF94760071C912 /* libsfml-system-d.dylib */,
				4CDE97AA13CF94760071C912 /* libsfml-window-d.dylib */,
				4C5C378013CF64E1003655B8 /* Cocoa.framework */,
				4C5C378213CF64E1003655B8 /* Other Frameworks */,
			);
			name = Frameworks;
			sourceTree = "<group>";
		};
		4C5C378213CF64E1003655B8 /* Other Frameworks */ = {
			isa = PBXGroup;
			children = (
				4C5C378313CF64E1003655B8 /* AppKit.framework */,
				4C5C378413CF64E1003655B8 /* CoreData.framework */,
				4C5C378513CF64E1003655B8 /* Foundation.framework */,
			);
			name = "Other Frameworks";
			sourceTree = "<group>";
		};
		4C5C378613CF64E1003655B8 /* Cocoa */ = {
			isa = PBXGroup;
			children = (
				4C5C379213CF64E1003655B8 /* CocoaAppDelegate.h */,
				4C5C379313CF64E1003655B8 /* CocoaAppDelegate.mm */,
				4C5C379513CF64E1003655B8 /* MainMenu.xib */,
				4CDE97CB13D0366D0071C912 /* NSString+stdstring.h */,
				4CDE97CC13D0366D0071C912 /* NSString+stdstring.mm */,
				4C5C378713CF64E1003655B8 /* Supporting Files */,
			);
			path = Cocoa;
			sourceTree = "<group>";
		};
		4C5C378713CF64E1003655B8 /* Supporting Files */ = {
			isa = PBXGroup;
			children = (
				4CEFC42E13D09CB500F92B14 /* logo.png */,
				4CD83D6413D0A29400A29530 /* blue.png */,
				4CD83D6513D0A29400A29530 /* green.png */,
				4CD83D6613D0A29400A29530 /* red.png */,
				4C5C378813CF64E1003655B8 /* Cocoa-Info.plist */,
				4C5C378913CF64E1003655B8 /* InfoPlist.strings */,
				4C5C378C13CF64E1003655B8 /* main.m */,
				4C5C378E13CF64E1003655B8 /* Cocoa-Prefix.pch */,
				4C5C378F13CF64E1003655B8 /* Credits.rtf */,
			);
			name = "Supporting Files";
			sourceTree = "<group>";
		};
/* End PBXGroup section */

/* Begin PBXNativeTarget section */
		4C5C377B13CF64E1003655B8 /* Cocoa */ = {
			isa = PBXNativeTarget;
			buildConfigurationList = 4C5C379A13CF64E1003655B8 /* Build configuration list for PBXNativeTarget "Cocoa" */;
			buildPhases = (
				4C5C377813CF64E1003655B8 /* Sources */,
				4C5C377913CF64E1003655B8 /* Frameworks */,
				4C5C377A13CF64E1003655B8 /* Resources */,
			);
			buildRules = (
			);
			dependencies = (
			);
			name = Cocoa;
			productName = Cocoa;
			productReference = 4C5C377C13CF64E1003655B8 /* Cocoa.app */;
			productType = "com.apple.product-type.application";
		};
/* End PBXNativeTarget section */

/* Begin PBXProject section */
		4C5C377313CF64E1003655B8 /* Project object */ = {
			isa = PBXProject;
			buildConfigurationList = 4C5C377613CF64E1003655B8 /* Build configuration list for PBXProject "Cocoa" */;
			compatibilityVersion = "Xcode 3.2";
			developmentRegion = English;
			hasScannedForEncodings = 0;
			knownRegions = (
				en,
			);
			mainGroup = 4C5C377113CF64E1003655B8;
			productRefGroup = 4C5C377D13CF64E1003655B8 /* Products */;
			projectDirPath = "";
			projectRoot = "";
			targets = (
				4C5C377B13CF64E1003655B8 /* Cocoa */,
			);
		};
/* End PBXProject section */

/* Begin PBXResourcesBuildPhase section */
		4C5C377A13CF64E1003655B8 /* Resources */ = {
			isa = PBXResourcesBuildPhase;
			buildActionMask = 2147483647;
			files = (
				4C5C378B13CF64E1003655B8 /* InfoPlist.strings in Resources */,
				4C5C379113CF64E1003655B8 /* Credits.rtf in Resources */,
				4C5C379713CF64E1003655B8 /* MainMenu.xib in Resources */,
				4CEFC42F13D09CB500F92B14 /* logo.png in Resources */,
				4CD83D6713D0A29400A29530 /* blue.png in Resources */,
				4CD83D6813D0A29400A29530 /* green.png in Resources */,
				4CD83D6913D0A29400A29530 /* red.png in Resources */,
			);
			runOnlyForDeploymentPostprocessing = 0;
		};
/* End PBXResourcesBuildPhase section */

/* Begin PBXSourcesBuildPhase section */
		4C5C377813CF64E1003655B8 /* Sources */ = {
			isa = PBXSourcesBuildPhase;
			buildActionMask = 2147483647;
			files = (
				4C5C378D13CF64E1003655B8 /* main.m in Sources */,
				4C5C379413CF64E1003655B8 /* CocoaAppDelegate.mm in Sources */,
				4CDE97CD13D0366D0071C912 /* NSString+stdstring.mm in Sources */,
			);
			runOnlyForDeploymentPostprocessing = 0;
		};
/* End PBXSourcesBuildPhase section */

/* Begin PBXVariantGroup section */
		4C5C378913CF64E1003655B8 /* InfoPlist.strings */ = {
			isa = PBXVariantGroup;
			children = (
				4C5C378A13CF64E1003655B8 /* en */,
			);
			name = InfoPlist.strings;
			sourceTree = "<group>";
		};
		4C5C378F13CF64E1003655B8 /* Credits.rtf */ = {
			isa = PBXVariantGroup;
			children = (
				4C5C379013CF64E1003655B8 /* en */,
			);
			name = Credits.rtf;
			sourceTree = "<group>";
		};
		4C5C379513CF64E1003655B8 /* MainMenu.xib */ = {
			isa = PBXVariantGroup;
			children = (
				4C5C379613CF64E1003655B8 /* en */,
			);
			name = MainMenu.xib;
			sourceTree = "<group>";
		};
/* End PBXVariantGroup section */

/* Begin XCBuildConfiguration section */
		4C5C379813CF64E1003655B8 /* Debug */ = {
			isa = XCBuildConfiguration;
			buildSettings = {
				ALWAYS_SEARCH_USER_PATHS = NO;
				ARCHS = "$(ARCHS_STANDARD_32_64_BIT)";
				COPY_PHASE_STRIP = NO;
				GCC_OPTIMIZATION_LEVEL = 0;
				GCC_PREPROCESSOR_DEFINITIONS = (
					"DEBUG=1",
					"$(inherited)",
				);
				GCC_SYMBOLS_PRIVATE_EXTERN = NO;
				GCC_VERSION = "";
				GCC_WARN_UNUSED_VARIABLE = YES;
				MACOSX_DEPLOYMENT_TARGET = 10.6;
				ONLY_ACTIVE_ARCH = YES;
				SDKROOT = macosx;
			};
			name = Debug;
		};
		4C5C379913CF64E1003655B8 /* Release */ = {
			isa = XCBuildConfiguration;
			buildSettings = {
				ALWAYS_SEARCH_USER_PATHS = NO;
				ARCHS = "$(ARCHS_STANDARD_32_64_BIT)";
				COPY_PHASE_STRIP = YES;
				DEBUG_INFORMATION_FORMAT = "dwarf-with-dsym";
				GCC_GENERATE_DEBUGGING_SYMBOLS = NO;
				GCC_SYMBOLS_PRIVATE_EXTERN = YES;
				GCC_VERSION = "";
				GCC_WARN_UNUSED_VARIABLE = YES;
				MACOSX_DEPLOYMENT_TARGET = 10.6;
				SDKROOT = macosx;
			};
			name = Release;
		};
		4C5C379B13CF64E1003655B8 /* Debug */ = {
			isa = XCBuildConfiguration;
			buildSettings = {
				GCC_PRECOMPILE_PREFIX_HEADER = YES;
				GCC_PREFIX_HEADER = "Cocoa/Cocoa-Prefix.pch";
				INFOPLIST_FILE = "Cocoa/Cocoa-Info.plist";
				MACOSX_DEPLOYMENT_TARGET = 10.6;
				PRODUCT_NAME = "$(TARGET_NAME)";
				WRAPPER_EXTENSION = app;
			};
			name = Debug;
		};
		4C5C379C13CF64E1003655B8 /* Release */ = {
			isa = XCBuildConfiguration;
			buildSettings = {
				GCC_PRECOMPILE_PREFIX_HEADER = YES;
				GCC_PREFIX_HEADER = "Cocoa/Cocoa-Prefix.pch";
				INFOPLIST_FILE = "Cocoa/Cocoa-Info.plist";
				MACOSX_DEPLOYMENT_TARGET = 10.6;
				PRODUCT_NAME = "$(TARGET_NAME)";
				WRAPPER_EXTENSION = app;
			};
			name = Release;
		};
/* End XCBuildConfiguration section */

/* Begin XCConfigurationList section */
		4C5C377613CF64E1003655B8 /* Build configuration list for PBXProject "Cocoa" */ = {
			isa = XCConfigurationList;
			buildConfigurations = (
				4C5C379813CF64E1003655B8 /* Debug */,
				4C5C379913CF64E1003655B8 /* Release */,
			);
			defaultConfigurationIsVisible = 0;
			defaultConfigurationName = Release;
		};
		4C5C379A13CF64E1003655B8 /* Build configuration list for PBXNativeTarget "Cocoa" */ = {
			isa = XCConfigurationList;
			buildConfigurations = (
				4C5C379B13CF64E1003655B8 /* Debug */,
				4C5C379C13CF64E1003655B8 /* Release */,
			);
			defaultConfigurationIsVisible = 0;
			defaultConfigurationName = Release;
		};
/* End XCConfigurationList section */
	};
	rootObject = 4C5C377313CF64E1003655B8 /* Project object */;
}
