<?xml version="1.0" encoding="UTF-8" standalone="yes" ?>
<CodeBlocks_project_file>
	<FileVersion major="1" minor="6" />
	<Project>
		<Option title="csfml-graphics" />
		<Option pch_mode="2" />
		<Option compiler="gcc" />
		<Build>
			<Target title="Debug DLL_Win32">
				<Option output="..\lib\mingw\csfml-graphics-d.dll" prefix_auto="1" extension_auto="1" />
				<Option object_output="..\Temp\csfml-graphics\Debug DLL_Win32" />
				<Option type="3" />
				<Option compiler="gcc" />
				<Option createStaticLib="1" />
				<Compiler>
					<Add option="-Wall" />
					<Add option="-O0" />
					<Add option="-DWIN32" />
					<Add option="-D_DEBUG" />
					<Add option="-D_LIB" />
					<Add option="-DCSFML_EXPORTS" />
				</Compiler>
				<ResourceCompiler>
					<Add directory="..\src" />
					<Add directory="..\extlibs" />
				</ResourceCompiler>
				<Linker>
					<Add option="-lsfml-graphics-s-d" />
					<Add option="-lsfml-window-s-d" />
					<Add option="-lsfml-system-s-d" />
				</Linker>
			</Target>
			<Target title="Release DLL_Win32">
				<Option output="..\lib\mingw\csfml-graphics.dll" prefix_auto="1" extension_auto="1" />
				<Option object_output="..\Temp\csfml-graphics\Release DLL_Win32" />
				<Option external_deps="..\..\lib\mingw\libcsfml-window.a;..\lib\mingw\libcsfml-system.a;" />
				<Option type="3" />
				<Option compiler="gcc" />
				<Option createStaticLib="1" />
				<Compiler>
					<Add option="-O3" />
					<Add option="-Wall" />
					<Add option="-DWIN32" />
					<Add option="-DNDEBUG" />
					<Add option="-D_LIB" />
					<Add option="-DCSFML_EXPORTS" />
				</Compiler>
				<ResourceCompiler>
					<Add directory="..\src" />
					<Add directory="..\extlibs" />
				</ResourceCompiler>
				<Linker>
					<Add option="-lsfml-graphics-s" />
					<Add option="-lsfml-window-s" />
					<Add option="-lsfml-system-s" />
				</Linker>
			</Target>
			<Target title="Debug static_Win32">
				<Option output="..\lib\mingw\libcsfml-graphics-s-d.a" prefix_auto="1" extension_auto="1" />
				<Option working_dir="" />
				<Option object_output="..\Temp\csfml-graphics\Debug static_Win32" />
				<Option external_deps="..\..\lib\mingw\libcsfml-window-s-d.a;..\lib\mingw\libcsfml-system-s-d.a;" />
				<Option type="2" />
				<Option compiler="gcc" />
				<Option createDefFile="1" />
				<Compiler>
					<Add option="-Wall" />
					<Add option="-O0" />
					<Add option="-DWIN32" />
					<Add option="-D_DEBUG" />
					<Add option="-D_LIB" />
					<Add option="-DCSFML_EXPORTS" />
					<Add option="-DGLEW_STATIC" />
				</Compiler>
				<ResourceCompiler>
					<Add directory="..\src" />
					<Add directory="..\extlibs" />
				</ResourceCompiler>
				<Linker>
					<Add option="-lsfml-graphics-s-d" />
					<Add option="-lsfml-window-s-d" />
					<Add option="-lsfml-system-s-d" />
				</Linker>
			</Target>
			<Target title="Release static_Win32">
				<Option output="..\lib\mingw\libcsfml-graphics-s.a" prefix_auto="1" extension_auto="1" />
				<Option working_dir="" />
				<Option object_output="..\Temp\csfml-graphics\Release static_Win32" />
				<Option external_deps="..\..\lib\mingw\libcsfml-window-s.a;..\lib\mingw\libcsfml-system-s.a;" />
				<Option type="2" />
				<Option compiler="gcc" />
				<Option createDefFile="1" />
				<Compiler>
					<Add option="-O3" />
					<Add option="-Wall" />
					<Add option="-DWIN32" />
					<Add option="-DNDEBUG" />
					<Add option="-D_LIB" />
					<Add option="-DCSFML_EXPORTS" />
					<Add option="-DGLEW_STATIC" />
				</Compiler>
				<ResourceCompiler>
					<Add directory="..\src" />
					<Add directory="..\extlibs" />
				</ResourceCompiler>
				<Linker>
					<Add option="-lsfml-graphics-s" />
					<Add option="-lsfml-window-s" />
					<Add option="-lsfml-system-s" />
				</Linker>
			</Target>
		</Build>
		<Compiler>
			<Add directory="..\src" />
			<Add directory="..\include" />
			<Add directory="..\..\include" />
		</Compiler>
		<Linker>
			<Add library="libopengl32.a" />
			<Add library="libwinmm.a" />
			<Add library="libgdi32.a" />
			<Add library="..\..\extlibs\libs-mingw\libfreetype.a" />
			<Add directory="..\..\lib\mingw" />
		</Linker>
		<Unit filename="..\include\SFML\Graphics\BlendMode.h" />
		<Unit filename="..\include\SFML\Graphics\Color.h" />
		<Unit filename="..\include\SFML\Graphics\Font.h" />
		<Unit filename="..\include\SFML\Graphics\Image.h" />
		<Unit filename="..\include\SFML\Graphics\PostFX.h" />
		<Unit filename="..\include\SFML\Graphics\Rect.h" />
		<Unit filename="..\include\SFML\Graphics\RenderWindow.h" />
		<Unit filename="..\include\SFML\Graphics\Shape.h" />
		<Unit filename="..\include\SFML\Graphics\Sprite.h" />
		<Unit filename="..\include\SFML\Graphics\String.h" />
		<Unit filename="..\include\SFML\Graphics\Types.h" />
		<Unit filename="..\include\SFML\Graphics\View.h" />
		<Unit filename="..\src\SFML\Graphics\Color.cpp" />
		<Unit filename="..\src\SFML\Graphics\Font.cpp" />
		<Unit filename="..\src\SFML\Graphics\Image.cpp" />
		<Unit filename="..\src\SFML\Graphics\PostFX.cpp" />
		<Unit filename="..\src\SFML\Graphics\Rect.cpp" />
		<Unit filename="..\src\SFML\Graphics\RenderWindow.cpp" />
		<Unit filename="..\src\SFML\Graphics\Shape.cpp" />
		<Unit filename="..\src\SFML\Graphics\Sprite.cpp" />
		<Unit filename="..\src\SFML\Graphics\String.cpp" />
		<Unit filename="..\src\SFML\Graphics\View.cpp" />
		<Extensions>
			<code_completion />
		</Extensions>
	</Project>
</CodeBlocks_project_file>
